# This file is automatically @generated by Cargo.
# It is not intended for manual editing.
version = 3

[[package]]
name = "anyhow"
version = "1.0.75"
source = "registry+https://github.com/rust-lang/crates.io-index"
checksum = "a4668cab20f66d8d020e1fbc0ebe47217433c1b6c8f2040faf858554e394ace6"

[[package]]
name = "autocfg"
version = "1.1.0"
source = "registry+https://github.com/rust-lang/crates.io-index"
checksum = "d468802bab17cbc0cc575e9b053f41e72aa36bfa6b7f55e3529ffa43161b97fa"

[[package]]
name = "base64"
version = "0.13.1"
source = "registry+https://github.com/rust-lang/crates.io-index"
checksum = "9e1b586273c5702936fe7b7d6896644d8be71e6314cfe09d3167c95f712589e8"

[[package]]
name = "base64"
version = "0.21.4"
source = "registry+https://github.com/rust-lang/crates.io-index"
checksum = "9ba43ea6f343b788c8764558649e08df62f86c6ef251fdaeb1ffd010a9ae50a2"

[[package]]
name = "bytes"
version = "1.5.0"
source = "registry+https://github.com/rust-lang/crates.io-index"
checksum = "a2bd12c1caf447e69cd4528f47f94d203fd2582878ecb9e9465484c4148a8223"
dependencies = [
 "serde",
]

[[package]]
name = "deranged"
version = "0.3.8"
source = "registry+https://github.com/rust-lang/crates.io-index"
checksum = "f2696e8a945f658fd14dc3b87242e6b80cd0f36ff04ea560fa39082368847946"

[[package]]
name = "either"
version = "1.9.0"
source = "registry+https://github.com/rust-lang/crates.io-index"
checksum = "a26ae43d7bcc3b814de94796a5e736d4029efb0ee900c12e2d54c993ad1a1e07"

[[package]]
name = "flex-error"
version = "0.4.4"
source = "registry+https://github.com/rust-lang/crates.io-index"
checksum = "c606d892c9de11507fa0dcffc116434f94e105d0bbdc4e405b61519464c49d7b"
dependencies = [
 "paste",
]

[[package]]
name = "hex"
version = "0.4.3"
source = "registry+https://github.com/rust-lang/crates.io-index"
checksum = "7f24254aa9a54b5c858eaee2f5bccdb46aaf0e486a595ed5fd8f86ba55232a70"

[[package]]
name = "ibc-proto"
version = "0.35.0"
source = "registry+https://github.com/rust-lang/crates.io-index"
checksum = "459ccbab879b749bf500ae13244593fa16fc64c1b3159f6b0753c169625a1e23"
dependencies = [
 "base64 0.21.4",
 "bytes",
 "flex-error",
 "ics23",
 "prost",
 "serde",
 "subtle-encoding",
 "tendermint-proto",
]

[[package]]
name = "ics12-proto"
version = "0.1.1"
dependencies = [
 "bytes",
 "ibc-proto",
 "prost",
]

[[package]]
name = "ics23"
version = "0.10.2"
source = "registry+https://github.com/rust-lang/crates.io-index"
checksum = "442d4bab37956e76f739c864f246c825d87c0bb7f9afa65660c57833c91bf6d4"
dependencies = [
 "anyhow",
 "bytes",
 "hex",
 "informalsystems-pbjson",
 "prost",
 "serde",
]

[[package]]
name = "informalsystems-pbjson"
version = "0.6.0"
source = "registry+https://github.com/rust-lang/crates.io-index"
checksum = "b4eecd90f87bea412eac91c6ef94f6b1e390128290898cbe14f2b926787ae1fb"
dependencies = [
 "base64 0.13.1",
 "serde",
]

[[package]]
name = "itertools"
version = "0.10.5"
source = "registry+https://github.com/rust-lang/crates.io-index"
checksum = "b0fd2260e829bddf4cb6ea802289de2f86d6a7a690192fbe91b3f46e0f2c8473"
dependencies = [
 "either",
]

[[package]]
name = "num-derive"
version = "0.3.3"
source = "registry+https://github.com/rust-lang/crates.io-index"
checksum = "876a53fff98e03a936a674b29568b0e605f06b29372c2489ff4de23f1949743d"
dependencies = [
 "proc-macro2",
 "quote",
 "syn 1.0.109",
]

[[package]]
name = "num-traits"
version = "0.2.16"
source = "registry+https://github.com/rust-lang/crates.io-index"
checksum = "f30b0abd723be7e2ffca1272140fac1a2f084c77ec3e123c192b66af1ee9e6c2"
dependencies = [
 "autocfg",
]

[[package]]
name = "paste"
version = "1.0.14"
source = "registry+https://github.com/rust-lang/crates.io-index"
checksum = "de3145af08024dea9fa9914f381a17b8fc6034dfb00f3a84013f7ff43f29ed4c"

[[package]]
name = "proc-macro2"
version = "1.0.67"
source = "registry+https://github.com/rust-lang/crates.io-index"
checksum = "3d433d9f1a3e8c1263d9456598b16fec66f4acc9a74dacffd35c7bb09b3a1328"
dependencies = [
 "unicode-ident",
]

[[package]]
name = "prost"
version = "0.11.9"
source = "registry+https://github.com/rust-lang/crates.io-index"
checksum = "0b82eaa1d779e9a4bc1c3217db8ffbeabaae1dca241bf70183242128d48681cd"
dependencies = [
 "bytes",
 "prost-derive",
]

[[package]]
name = "prost-derive"
version = "0.11.9"
source = "registry+https://github.com/rust-lang/crates.io-index"
checksum = "e5d2d8d10f3c6ded6da8b05b5fb3b8a5082514344d56c9f871412d29b4e075b4"
dependencies = [
 "anyhow",
 "itertools",
 "proc-macro2",
 "quote",
 "syn 1.0.109",
]

[[package]]
name = "prost-types"
version = "0.11.9"
source = "registry+https://github.com/rust-lang/crates.io-index"
checksum = "213622a1460818959ac1181aaeb2dc9c7f63df720db7d788b3e24eacd1983e13"
dependencies = [
 "prost",
]

[[package]]
name = "quote"
version = "1.0.33"
source = "registry+https://github.com/rust-lang/crates.io-index"
checksum = "5267fca4496028628a95160fc423a33e8b2e6af8a5302579e322e4b520293cae"
dependencies = [
 "proc-macro2",
]

[[package]]
name = "serde"
version = "1.0.188"
source = "registry+https://github.com/rust-lang/crates.io-index"
checksum = "cf9e0fcba69a370eed61bcf2b728575f726b50b55cba78064753d708ddc7549e"
dependencies = [
 "serde_derive",
]

[[package]]
name = "serde_bytes"
version = "0.11.12"
source = "registry+https://github.com/rust-lang/crates.io-index"
checksum = "ab33ec92f677585af6d88c65593ae2375adde54efdbf16d597f2cbc7a6d368ff"
dependencies = [
 "serde",
]

[[package]]
name = "serde_derive"
version = "1.0.188"
source = "registry+https://github.com/rust-lang/crates.io-index"
checksum = "4eca7ac642d82aa35b60049a6eccb4be6be75e599bd2e9adb5f875a737654af2"
dependencies = [
 "proc-macro2",
 "quote",
 "syn 2.0.37",
]

[[package]]
name = "subtle-encoding"
version = "0.5.1"
source = "registry+https://github.com/rust-lang/crates.io-index"
checksum = "7dcb1ed7b8330c5eed5441052651dd7a12c75e2ed88f2ec024ae1fa3a5e59945"
dependencies = [
 "zeroize",
]

[[package]]
name = "syn"
version = "1.0.109"
source = "registry+https://github.com/rust-lang/crates.io-index"
checksum = "72b64191b275b66ffe2469e8af2c1cfe3bafa67b529ead792a6d0160888b4237"
dependencies = [
 "proc-macro2",
 "quote",
 "unicode-ident",
]

[[package]]
name = "syn"
version = "2.0.37"
source = "registry+https://github.com/rust-lang/crates.io-index"
checksum = "7303ef2c05cd654186cb250d29049a24840ca25d2747c25c0381c8d9e2f582e8"
dependencies = [
 "proc-macro2",
 "quote",
 "unicode-ident",
]

[[package]]
name = "tendermint-proto"
version = "0.33.2"
source = "registry+https://github.com/rust-lang/crates.io-index"
checksum = "639e5adffd77220d238a800a72c74c98d7e869290a6e4494c10b6b4e8f702f02"
dependencies = [
 "bytes",
 "flex-error",
 "num-derive",
 "num-traits",
 "prost",
 "prost-types",
 "serde",
 "serde_bytes",
 "subtle-encoding",
 "time",
]

[[package]]
name = "time"
version = "0.3.28"
source = "registry+https://github.com/rust-lang/crates.io-index"
checksum = "17f6bb557fd245c28e6411aa56b6403c689ad95061f50e4be16c274e70a17e48"
dependencies = [
 "deranged",
 "time-core",
 "time-macros",
]

[[package]]
name = "time-core"
version = "0.1.1"
source = "registry+https://github.com/rust-lang/crates.io-index"
checksum = "7300fbefb4dadc1af235a9cef3737cea692a9d97e1b9cbcd4ebdae6f8868e6fb"

[[package]]
name = "time-macros"
version = "0.2.14"
source = "registry+https://github.com/rust-lang/crates.io-index"
checksum = "1a942f44339478ef67935ab2bbaec2fb0322496cf3cbe84b261e06ac3814c572"
dependencies = [
 "time-core",
]

[[package]]
name = "unicode-ident"
version = "1.0.12"
source = "registry+https://github.com/rust-lang/crates.io-index"
checksum = "3354b9ac3fae1ff6755cb6db53683adb661634f67557942dea4facebec0fee4b"

[[package]]
name = "zeroize"
version = "1.6.0"
source = "registry+https://github.com/rust-lang/crates.io-index"
checksum = "2a0956f1ba7c7909bfb66c2e9e4124ab6f6482560f6628b5aaeba39207c9aad9"
